// !$*UTF8*$!
{
	archiveVersion = 1;
	classes = {
	};
	objectVersion = 46;
	objects = {

/* Begin PBXBuildFile section */
		9769133E1CC61FC800669584 /* JPushModule.h in CopyFiles */ = {isa = PBXBuildFile; fileRef = 9769133D1CC61FC800669584 /* JPushModule.h */; };
		976913401CC61FC800669584 /* JPushModule.m in Sources */ = {isa = PBXBuildFile; fileRef = 9769133F1CC61FC800669584 /* JPushModule.m */; };
		976913481CC61FE300669584 /* jpush-ios-2.1.0.a in Frameworks */ = {isa = PBXBuildFile; fileRef = 976913461CC61FE300669584 /* jpush-ios-2.1.0.a */; };
/* End PBXBuildFile section */

/* Begin PBXCopyFilesBuildPhase section */
		976913381CC61FC800669584 /* CopyFiles */ = {
			isa = PBXCopyFilesBuildPhase;
			buildActionMask = 2147483647;
			dstPath = "include/$(PRODUCT_NAME)";
			dstSubfolderSpec = 16;
			files = (
				9769133E1CC61FC800669584 /* JPushModule.h in CopyFiles */,
			);
			runOnlyForDeploymentPostprocessing = 0;
		};
/* End PBXCopyFilesBuildPhase section */

/* Begin PBXFileReference section */
		9769133A1CC61FC800669584 /* libJPushModule.a */ = {isa = PBXFileReference; explicitFileType = archive.ar; includeInIndex = 0; path = libJPushModule.a; sourceTree = BUILT_PRODUCTS_DIR; };
		9769133D1CC61FC800669584 /* JPushModule.h */ = {isa = PBXFileReference; lastKnownFileType = sourcecode.c.h; path = JPushModule.h; sourceTree = "<group>"; };
		9769133F1CC61FC800669584 /* JPushModule.m */ = {isa = PBXFileReference; lastKnownFileType = sourcecode.c.objc; path = JPushModule.m; sourceTree = "<group>"; };
		976913461CC61FE300669584 /* jpush-ios-2.1.0.a */ = {isa = PBXFileReference; lastKnownFileType = archive.ar; path = "jpush-ios-2.1.0.a"; sourceTree = "<group>"; };
		976913471CC61FE300669584 /* JPUSHService.h */ = {isa = PBXFileReference; fileEncoding = 4; lastKnownFileType = sourcecode.c.h; path = JPUSHService.h; sourceTree = "<group>"; };
/* End PBXFileReference section */

/* Begin PBXFrameworksBuildPhase section */
		976913371CC61FC800669584 /* Frameworks */ = {
			isa = PBXFrameworksBuildPhase;
			buildActionMask = 2147483647;
			files = (
				976913481CC61FE300669584 /* jpush-ios-2.1.0.a in Frameworks */,
			);
			runOnlyForDeploymentPostprocessing = 0;
		};
/* End PBXFrameworksBuildPhase section */

/* Begin PBXGroup section */
		976913311CC61FC800669584 = {
			isa = PBXGroup;
			children = (
				9769133C1CC61FC800669584 /* JPushModule */,
				9769133B1CC61FC800669584 /* Products */,
			);
			sourceTree = "<group>";
		};
		9769133B1CC61FC800669584 /* Products */ = {
			isa = PBXGroup;
			children = (
				9769133A1CC61FC800669584 /* libJPushModule.a */,
			);
			name = Products;
			sourceTree = "<group>";
		};
		9769133C1CC61FC800669584 /* JPushModule */ = {
			isa = PBXGroup;
			children = (
				976913461CC61FE300669584 /* jpush-ios-2.1.0.a */,
				976913471CC61FE300669584 /* JPUSHService.h */,
				9769133D1CC61FC800669584 /* JPushModule.h */,
				9769133F1CC61FC800669584 /* JPushModule.m */,
			);
			path = JPushModule;
			sourceTree = "<group>";
		};
/* End PBXGroup section */

/* Begin PBXNativeTarget section */
		976913391CC61FC800669584 /* JPushModule */ = {
			isa = PBXNativeTarget;
			buildConfigurationList = 976913431CC61FC800669584 /* Build configuration list for PBXNativeTarget "JPushModule" */;
			buildPhases = (
				976913361CC61FC800669584 /* Sources */,
				976913371CC61FC800669584 /* Frameworks */,
				976913381CC61FC800669584 /* CopyFiles */,
			);
			buildRules = (
			);
			dependencies = (
			);
			name = JPushModule;
			productName = JPushModule;
			productReference = 9769133A1CC61FC800669584 /* libJPushModule.a */;
			productType = "com.apple.product-type.library.static";
		};
/* End PBXNativeTarget section */

/* Begin PBXProject section */
		976913321CC61FC800669584 /* Project object */ = {
			isa = PBXProject;
			attributes = {
				LastUpgradeCheck = 0720;
				ORGANIZATIONNAME = rover;
				TargetAttributes = {
					976913391CC61FC800669584 = {
						CreatedOnToolsVersion = 7.2.1;
					};
				};
			};
			buildConfigurationList = 976913351CC61FC800669584 /* Build configuration list for PBXProject "JPushModule" */;
			compatibilityVersion = "Xcode 3.2";
			developmentRegion = English;
			hasScannedForEncodings = 0;
			knownRegions = (
				en,
			);
			mainGroup = 976913311CC61FC800669584;
			productRefGroup = 9769133B1CC61FC800669584 /* Products */;
			projectDirPath = "";
			projectRoot = "";
			targets = (
				976913391CC61FC800669584 /* JPushModule */,
			);
		};
/* End PBXProject section */

/* Begin PBXSourcesBuildPhase section */
		976913361CC61FC800669584 /* Sources */ = {
			isa = PBXSourcesBuildPhase;
			buildActionMask = 2147483647;
			files = (
				976913401CC61FC800669584 /* JPushModule.m in Sources */,
			);
			runOnlyForDeploymentPostprocessing = 0;
		};
/* End PBXSourcesBuildPhase section */

/* Begin XCBuildConfiguration section */
		976913411CC61FC800669584 /* Debug */ = {
			isa = XCBuildConfiguration;
			buildSettings = {
				ALWAYS_SEARCH_USER_PATHS = NO;
				CLANG_CXX_LANGUAGE_STANDARD = "gnu++0x";
				CLANG_CXX_LIBRARY = "libc++";
				CLANG_ENABLE_MODULES = YES;
				CLANG_ENABLE_OBJC_ARC = YES;
				CLANG_WARN_BOOL_CONVERSION = YES;
				CLANG_WARN_CONSTANT_CONVERSION = YES;
				CLANG_WARN_DIRECT_OBJC_ISA_USAGE = YES_ERROR;
				CLANG_WARN_EMPTY_BODY = YES;
				CLANG_WARN_ENUM_CONVERSION = YES;
				CLANG_WARN_INT_CONVERSION = YES;
				CLANG_WARN_OBJC_ROOT_CLASS = YES_ERROR;
				CLANG_WARN_UNREACHABLE_CODE = YES;
				CLANG_WARN__DUPLICATE_METHOD_MATCH = YES;
				"CODE_SIGN_IDENTITY[sdk=iphoneos*]" = "iPhone Developer";
				COPY_PHASE_STRIP = NO;
				DEBUG_INFORMATION_FORMAT = dwarf;
				ENABLE_STRICT_OBJC_MSGSEND = YES;
				ENABLE_TESTABILITY = YES;
				GCC_C_LANGUAGE_STANDARD = gnu99;
				GCC_DYNAMIC_NO_PIC = NO;
				GCC_NO_COMMON_BLOCKS = YES;
				GCC_OPTIMIZATION_LEVEL = 0;
				GCC_PREPROCESSOR_DEFINITIONS = (
					"DEBUG=1",
					"$(inherited)",
				);
				GCC_WARN_64_TO_32_BIT_CONVERSION = YES;
				GCC_WARN_ABOUT_RETURN_TYPE = YES_ERROR;
				GCC_WARN_UNDECLARED_SELECTOR = YES;
				GCC_WARN_UNINITIALIZED_AUTOS = YES_AGGRESSIVE;
				GCC_WARN_UNUSED_FUNCTION = YES;
				GCC_WARN_UNUSED_VARIABLE = YES;
				IPHONEOS_DEPLOYMENT_TARGET = 9.2;
				MTL_ENABLE_DEBUG_INFO = YES;
				ONLY_ACTIVE_ARCH = YES;
				SDKROOT = iphoneos;
			};
			name = Debug;
		};
		976913421CC61FC800669584 /* Release */ = {
			isa = XCBuildConfiguration;
			buildSettings = {
				ALWAYS_SEARCH_USER_PATHS = NO;
				CLANG_CXX_LANGUAGE_STANDARD = "gnu++0x";
				CLANG_CXX_LIBRARY = "libc++";
				CLANG_ENABLE_MODULES = YES;
				CLANG_ENABLE_OBJC_ARC = YES;
				CLANG_WARN_BOOL_CONVERSION = YES;
				CLANG_WARN_CONSTANT_CONVERSION = YES;
				CLANG_WARN_DIRECT_OBJC_ISA_USAGE = YES_ERROR;
				CLANG_WARN_EMPTY_BODY = YES;
				CLANG_WARN_ENUM_CONVERSION = YES;
				CLANG_WARN_INT_CONVERSION = YES;
				CLANG_WARN_OBJC_ROOT_CLASS = YES_ERROR;
				CLANG_WARN_UNREACHABLE_CODE = YES;
				CLANG_WARN__DUPLICATE_METHOD_MATCH = YES;
				"CODE_SIGN_IDENTITY[sdk=iphoneos*]" = "iPhone Developer";
				COPY_PHASE_STRIP = NO;
				DEBUG_INFORMATION_FORMAT = "dwarf-with-dsym";
				ENABLE_NS_ASSERTIONS = NO;
				ENABLE_STRICT_OBJC_MSGSEND = YES;
				GCC_C_LANGUAGE_STANDARD = gnu99;
				GCC_NO_COMMON_BLOCKS = YES;
				GCC_WARN_64_TO_32_BIT_CONVERSION = YES;
				GCC_WARN_ABOUT_RETURN_TYPE = YES_ERROR;
				GCC_WARN_UNDECLARED_SELECTOR = YES;
				GCC_WARN_UNINITIALIZED_AUTOS = YES_AGGRESSIVE;
				GCC_WARN_UNUSED_FUNCTION = YES;
				GCC_WARN_UNUSED_VARIABLE = YES;
				IPHONEOS_DEPLOYMENT_TARGET = 9.2;
				MTL_ENABLE_DEBUG_INFO = NO;
				SDKROOT = iphoneos;
				VALIDATE_PRODUCT = YES;
			};
			name = Release;
		};
		976913441CC61FC800669584 /* Debug */ = {
			isa = XCBuildConfiguration;
			buildSettings = {
				HEADER_SEARCH_PATHS = (
					"$(SRCROOT)/../../React/**",
					"$(inherited)",
					"$(SRCROOT)/node_modules/react-native/React/**",
					"$(SRCROOT)/../react-native/React/**",
					"$(SRCROOT)/../../../node_modules/react-native/React/**",
				);
				LIBRARY_SEARCH_PATHS = (
					"$(inherited)",
					"$(PROJECT_DIR)/JPushModule",
				);
				OTHER_LDFLAGS = "-ObjC";
				PRODUCT_NAME = "$(TARGET_NAME)";
				SKIP_INSTALL = YES;
			};
			name = Debug;
		};
		976913451CC61FC800669584 /* Release */ = {
			isa = XCBuildConfiguration;
			buildSettings = {
				HEADER_SEARCH_PATHS = (
					"$(SRCROOT)/../../React/**",
					"$(inherited)",
					"$(SRCROOT)/node_modules/react-native/React/**",
					"$(SRCROOT)/../react-native/React/**",
					"$(SRCROOT)/../../../node_modules/react-native/React/**",
				);
				LIBRARY_SEARCH_PATHS = (
					"$(inherited)",
					"$(PROJECT_DIR)/JPushModule",
				);
				OTHER_LDFLAGS = "-ObjC";
				PRODUCT_NAME = "$(TARGET_NAME)";
				SKIP_INSTALL = YES;
			};
			name = Release;
		};
/* End XCBuildConfiguration section */

/* Begin XCConfigurationList section */
		976913351CC61FC800669584 /* Build configuration list for PBXProject "JPushModule" */ = {
			isa = XCConfigurationList;
			buildConfigurations = (
				976913411CC61FC800669584 /* Debug */,
				976913421CC61FC800669584 /* Release */,
			);
			defaultConfigurationIsVisible = 0;
			defaultConfigurationName = Release;
		};
		976913431CC61FC800669584 /* Build configuration list for PBXNativeTarget "JPushModule" */ = {
			isa = XCConfigurationList;
			buildConfigurations = (
				976913441CC61FC800669584 /* Debug */,
				976913451CC61FC800669584 /* Release */,
			);
			defaultConfigurationIsVisible = 0;
			defaultConfigurationName = Release;
		};
/* End XCConfigurationList section */
	};
	rootObject = 976913321CC61FC800669584 /* Project object */;
}
